
Microsoft Visual Studio Solution File, Format Version 12.00
# Visual Studio Version 17
VisualStudioVersion = 17.8.34330.188
MinimumVisualStudioVersion = 10.0.40219.1
Project("{FAE04EC0-301F-11D3-BF4B-00C04F79EFBC}") = "FingerPrintClient", "FingerPrintClient\FingerPrintClient.csproj", "{5E8DEEA6-358A-4AB3-BF09-027FA183B93F}"
EndProject
Global
	GlobalSection(SolutionConfigurationPlatforms) = preSolution
		Debug|Any CPU = Debug|Any CPU
		Release|Any CPU = Release|Any CPU
	EndGlobalSection
	GlobalSection(ProjectConfigurationPlatforms) = postSolution
		{5E8DEEA6-358A-4AB3-BF09-027FA183B93F}.Debug|Any CPU.ActiveCfg = Debug|Any CPU
		{5E8DEEA6-358A-4AB3-BF09-027FA183B93F}.Debug|Any CPU.Build.0 = Debug|Any CPU
		{5E8DEEA6-358A-4AB3-BF09-027FA183B93F}.Release|Any CPU.ActiveCfg = Release|Any CPU
		{5E8DEEA6-358A-4AB3-BF09-027FA183B93F}.Release|Any CPU.Build.0 = Release|Any CPU
	EndGlobalSection
	GlobalSection(SolutionProperties) = preSolution
		HideSolutionNode = FALSE
	EndGlobalSection
	GlobalSection(ExtensibilityGlobals) = postSolution
		SolutionGuid = {37BFDCBB-008F-47C4-8A64-9DC4948C797D}
	EndGlobalSection
EndGlobal
